<?xml version="1.0" encoding="utf-8"?>
<Project ToolsVersion="4.0" xmlns="http://schemas.microsoft.com/developer/msbuild/2003">
  <ItemGroup>
    <Filter Include="リソース ファイル">
      <UniqueIdentifier>{67DA6AB6-F800-4c08-8B7A-83BB121AAD01}</UniqueIdentifier>
      <Extensions>rc;ico;cur;bmp;dlg;rc2;rct;bin;rgs;gif;jpg;jpeg;jpe;resx;tiff;tif;png;wav;mfcribbon-ms</Extensions>
    </Filter>
    <Filter Include="sequence">
      <UniqueIdentifier>{13f8f23a-1616-4fa2-a215-31591671fd39}</UniqueIdentifier>
    </Filter>
    <Filter Include="character">
      <UniqueIdentifier>{6ea091ee-a6a6-45df-b5db-7b764556ba0d}</UniqueIdentifier>
    </Filter>
  </ItemGroup>
  <ItemGroup>
    <ClCompile Include="GAME.cpp">
      <Filter>sequence</Filter>
    </ClCompile>
    <ClCompile Include="gmain.cpp">
      <Filter>sequence</Filter>
    </ClCompile>
    <ClCompile Include="PLAY.cpp">
      <Filter>sequence</Filter>
    </ClCompile>
    <ClCompile Include="TITLE.cpp">
      <Filter>sequence</Filter>
    </ClCompile>
    <ClCompile Include="PLAYER.cpp">
      <Filter>character</Filter>
    </ClCompile>
    <ClCompile Include="ENEMIES.cpp">
      <Filter>character</Filter>
    </ClCompile>
    <ClCompile Include="PLAYER_BULLETS.cpp">
      <Filter>character</Filter>
    </ClCompile>
    <ClCompile Include="ENEMY_BULLETS.cpp">
      <Filter>character</Filter>
    </ClCompile>
    <ClCompile Include="FLOAT2.cpp">
      <Filter>character</Filter>
    </ClCompile>
    <ClCompile Include="BULLETS.cpp">
      <Filter>character</Filter>
    </ClCompile>
    <ClCompile Include="CHARACTER.cpp">
      <Filter>character</Filter>
    </ClCompile>
    <ClCompile Include="GAME_STATE.cpp">
      <Filter>sequence</Filter>
    </ClCompile>
  </ItemGroup>
  <ItemGroup>
    <ResourceCompile Include="resource.rc">
      <Filter>リソース ファイル</Filter>
    </ResourceCompile>
  </ItemGroup>
  <ItemGroup>
    <None Include="cpp.hint">
      <Filter>リソース ファイル</Filter>
    </None>
  </ItemGroup>
  <ItemGroup>
    <ClInclude Include="GAME.h">
      <Filter>sequence</Filter>
    </ClInclude>
    <ClInclude Include="GAME_STATE.h">
      <Filter>sequence</Filter>
    </ClInclude>
    <ClInclude Include="PLAY.h">
      <Filter>sequence</Filter>
    </ClInclude>
    <ClInclude Include="TITLE.h">
      <Filter>sequence</Filter>
    </ClInclude>
    <ClInclude Include="PLAYER.h">
      <Filter>character</Filter>
    </ClInclude>
    <ClInclude Include="ENEMIES.h">
      <Filter>character</Filter>
    </ClInclude>
    <ClInclude Include="BULLETS.h">
      <Filter>character</Filter>
    </ClInclude>
    <ClInclude Include="PLAYER_BULLETS.h">
      <Filter>character</Filter>
    </ClInclude>
    <ClInclude Include="ENEMY_BULLETS.h">
      <Filter>character</Filter>
    </ClInclude>
    <ClInclude Include="FLOAT2.h">
      <Filter>character</Filter>
    </ClInclude>
    <ClInclude Include="CHARACTER.h">
      <Filter>character</Filter>
    </ClInclude>
    <ClInclude Include="CONTAINER.h">
      <Filter>sequence</Filter>
    </ClInclude>
  </ItemGroup>
</Project>