<?xml version="1.0" encoding="utf-8"?>
<Project ToolsVersion="4.0" xmlns="http://schemas.microsoft.com/developer/msbuild/2003">
  <ItemGroup>
    <Filter Include="リソース ファイル">
      <UniqueIdentifier>{67DA6AB6-F800-4c08-8B7A-83BB121AAD01}</UniqueIdentifier>
      <Extensions>rc;ico;cur;bmp;dlg;rc2;rct;bin;rgs;gif;jpg;jpeg;jpe;resx;tiff;tif;png;wav;mfcribbon-ms</Extensions>
    </Filter>
    <Filter Include="manager">
      <UniqueIdentifier>{d790dbb8-0d6b-4889-8a5e-26f4673f80e1}</UniqueIdentifier>
    </Filter>
    <Filter Include="container">
      <UniqueIdentifier>{efff77ea-8acb-4e8d-81d2-a83fae3cff8e}</UniqueIdentifier>
    </Filter>
    <Filter Include="scenes">
      <UniqueIdentifier>{13f8f23a-1616-4fa2-a215-31591671fd39}</UniqueIdentifier>
    </Filter>
    <Filter Include="scenes\base">
      <UniqueIdentifier>{eafa269e-07e1-411b-9920-bfc9d9fa1605}</UniqueIdentifier>
    </Filter>
    <Filter Include="characters">
      <UniqueIdentifier>{6ea091ee-a6a6-45df-b5db-7b764556ba0d}</UniqueIdentifier>
    </Filter>
    <Filter Include="characters\bullets">
      <UniqueIdentifier>{6c47062e-dcc2-4df9-b1ad-7814f41c2d73}</UniqueIdentifier>
    </Filter>
  </ItemGroup>
  <ItemGroup>
    <ClCompile Include="TITLE.cpp">
      <Filter>scenes</Filter>
    </ClCompile>
    <ClCompile Include="PLAYER.cpp">
      <Filter>characters</Filter>
    </ClCompile>
    <ClCompile Include="ENEMIES.cpp">
      <Filter>characters</Filter>
    </ClCompile>
    <ClCompile Include="GAME.cpp">
      <Filter>manager</Filter>
    </ClCompile>
    <ClCompile Include="gmain.cpp">
      <Filter>manager</Filter>
    </ClCompile>
    <ClCompile Include="GAME_CLEAR.cpp">
      <Filter>scenes</Filter>
    </ClCompile>
    <ClCompile Include="GAME_OVER.cpp">
      <Filter>scenes</Filter>
    </ClCompile>
    <ClCompile Include="STAGE.cpp">
      <Filter>scenes</Filter>
    </ClCompile>
    <ClCompile Include="HP_GAUGE.cpp">
      <Filter>characters</Filter>
    </ClCompile>
    <ClCompile Include="GAME_OBJECT.cpp">
      <Filter>manager</Filter>
    </ClCompile>
    <ClCompile Include="SCENE.cpp">
      <Filter>scenes\base</Filter>
    </ClCompile>
    <ClCompile Include="BULLETS.cpp">
      <Filter>characters\bullets</Filter>
    </ClCompile>
    <ClCompile Include="ENEMY_BULLETS.cpp">
      <Filter>characters\bullets</Filter>
    </ClCompile>
    <ClCompile Include="PLAYER_BULLETS.cpp">
      <Filter>characters\bullets</Filter>
    </ClCompile>
    <ClCompile Include="STAGE_CLEAR.cpp">
      <Filter>scenes</Filter>
    </ClCompile>
    <ClCompile Include="CONTAINER.cpp">
      <Filter>container</Filter>
    </ClCompile>
    <ClCompile Include="EXPLOSIONS.cpp">
      <Filter>characters</Filter>
    </ClCompile>
  </ItemGroup>
  <ItemGroup>
    <ResourceCompile Include="resource.rc">
      <Filter>リソース ファイル</Filter>
    </ResourceCompile>
  </ItemGroup>
  <ItemGroup>
    <None Include="cpp.hint">
      <Filter>リソース ファイル</Filter>
    </None>
  </ItemGroup>
  <ItemGroup>
    <ClInclude Include="TITLE.h">
      <Filter>scenes</Filter>
    </ClInclude>
    <ClInclude Include="PLAYER.h">
      <Filter>characters</Filter>
    </ClInclude>
    <ClInclude Include="ENEMIES.h">
      <Filter>characters</Filter>
    </ClInclude>
    <ClInclude Include="GAME.h">
      <Filter>manager</Filter>
    </ClInclude>
    <ClInclude Include="CONTAINER.h">
      <Filter>container</Filter>
    </ClInclude>
    <ClInclude Include="GAME_CLEAR.h">
      <Filter>scenes</Filter>
    </ClInclude>
    <ClInclude Include="GAME_OVER.h">
      <Filter>scenes</Filter>
    </ClInclude>
    <ClInclude Include="STAGE.h">
      <Filter>scenes</Filter>
    </ClInclude>
    <ClInclude Include="HP_GAUGE.h">
      <Filter>characters</Filter>
    </ClInclude>
    <ClInclude Include="GAME_OBJECT.h">
      <Filter>manager</Filter>
    </ClInclude>
    <ClInclude Include="SCENE.h">
      <Filter>scenes\base</Filter>
    </ClInclude>
    <ClInclude Include="BULLETS.h">
      <Filter>characters\bullets</Filter>
    </ClInclude>
    <ClInclude Include="ENEMY_BULLETS.h">
      <Filter>characters\bullets</Filter>
    </ClInclude>
    <ClInclude Include="PLAYER_BULLETS.h">
      <Filter>characters\bullets</Filter>
    </ClInclude>
    <ClInclude Include="STAGE_CLEAR.h">
      <Filter>scenes</Filter>
    </ClInclude>
    <ClInclude Include="EXPLOSIONS.h">
      <Filter>characters</Filter>
    </ClInclude>
  </ItemGroup>
</Project>